// !$*UTF8*$!
{
	archiveVersion = 1;
	classes = {
	};
	objectVersion = 46;
	objects = {

/* Begin PBXBuildFile section */
		343069891E8ADC29003B5A80 /* AppDelegate.swift in Sources */ = {isa = PBXBuildFile; fileRef = 343069881E8ADC29003B5A80 /* AppDelegate.swift */; };
		3430698B1E8ADC29003B5A80 /* CurrentLocationViewController.swift in Sources */ = {isa = PBXBuildFile; fileRef = 3430698A1E8ADC29003B5A80 /* CurrentLocationViewController.swift */; };
		3430698D1E8ADC29003B5A80 /* SecondViewController.swift in Sources */ = {isa = PBXBuildFile; fileRef = 3430698C1E8ADC29003B5A80 /* SecondViewController.swift */; };
		343069901E8ADC29003B5A80 /* Main.storyboard in Resources */ = {isa = PBXBuildFile; fileRef = 3430698E1E8ADC29003B5A80 /* Main.storyboard */; };
		343069921E8ADC29003B5A80 /* Assets.xcassets in Resources */ = {isa = PBXBuildFile; fileRef = 343069911E8ADC29003B5A80 /* Assets.xcassets */; };
		343069951E8ADC29003B5A80 /* LaunchScreen.storyboard in Resources */ = {isa = PBXBuildFile; fileRef = 343069931E8ADC29003B5A80 /* LaunchScreen.storyboard */; };
		3492D6071E9C1C8F00EB107D /* LocationDetailsViewController.swift in Sources */ = {isa = PBXBuildFile; fileRef = 3492D6061E9C1C8F00EB107D /* LocationDetailsViewController.swift */; };
		3492D6091E9D682200EB107D /* CategoryPickerViewController.swift in Sources */ = {isa = PBXBuildFile; fileRef = 3492D6081E9D682200EB107D /* CategoryPickerViewController.swift */; };
		3492D60B1E9EB4C400EB107D /* HudView.swift in Sources */ = {isa = PBXBuildFile; fileRef = 3492D60A1E9EB4C400EB107D /* HudView.swift */; };
		3492D60D1E9EC22D00EB107D /* Functions.swift in Sources */ = {isa = PBXBuildFile; fileRef = 3492D60C1E9EC22D00EB107D /* Functions.swift */; };
/* End PBXBuildFile section */

/* Begin PBXFileReference section */
		343069851E8ADC29003B5A80 /* MyLocations.app */ = {isa = PBXFileReference; explicitFileType = wrapper.application; includeInIndex = 0; path = MyLocations.app; sourceTree = BUILT_PRODUCTS_DIR; };
		343069881E8ADC29003B5A80 /* AppDelegate.swift */ = {isa = PBXFileReference; lastKnownFileType = sourcecode.swift; path = AppDelegate.swift; sourceTree = "<group>"; };
		3430698A1E8ADC29003B5A80 /* CurrentLocationViewController.swift */ = {isa = PBXFileReference; lastKnownFileType = sourcecode.swift; path = CurrentLocationViewController.swift; sourceTree = "<group>"; };
		3430698C1E8ADC29003B5A80 /* SecondViewController.swift */ = {isa = PBXFileReference; lastKnownFileType = sourcecode.swift; path = SecondViewController.swift; sourceTree = "<group>"; };
		3430698F1E8ADC29003B5A80 /* Base */ = {isa = PBXFileReference; lastKnownFileType = file.storyboard; name = Base; path = Base.lproj/Main.storyboard; sourceTree = "<group>"; };
		343069911E8ADC29003B5A80 /* Assets.xcassets */ = {isa = PBXFileReference; lastKnownFileType = folder.assetcatalog; path = Assets.xcassets; sourceTree = "<group>"; };
		343069941E8ADC29003B5A80 /* Base */ = {isa = PBXFileReference; lastKnownFileType = file.storyboard; name = Base; path = Base.lproj/LaunchScreen.storyboard; sourceTree = "<group>"; };
		343069961E8ADC29003B5A80 /* Info.plist */ = {isa = PBXFileReference; lastKnownFileType = text.plist.xml; path = Info.plist; sourceTree = "<group>"; };
		3492D6061E9C1C8F00EB107D /* LocationDetailsViewController.swift */ = {isa = PBXFileReference; fileEncoding = 4; lastKnownFileType = sourcecode.swift; path = LocationDetailsViewController.swift; sourceTree = "<group>"; };
		3492D6081E9D682200EB107D /* CategoryPickerViewController.swift */ = {isa = PBXFileReference; fileEncoding = 4; lastKnownFileType = sourcecode.swift; path = CategoryPickerViewController.swift; sourceTree = "<group>"; };
		3492D60A1E9EB4C400EB107D /* HudView.swift */ = {isa = PBXFileReference; fileEncoding = 4; lastKnownFileType = sourcecode.swift; path = HudView.swift; sourceTree = "<group>"; };
		3492D60C1E9EC22D00EB107D /* Functions.swift */ = {isa = PBXFileReference; fileEncoding = 4; lastKnownFileType = sourcecode.swift; path = Functions.swift; sourceTree = "<group>"; };
/* End PBXFileReference section */

/* Begin PBXFrameworksBuildPhase section */
		343069821E8ADC26003B5A80 /* Frameworks */ = {
			isa = PBXFrameworksBuildPhase;
			buildActionMask = 2147483647;
			files = (
			);
			runOnlyForDeploymentPostprocessing = 0;
		};
/* End PBXFrameworksBuildPhase section */

/* Begin PBXGroup section */
		3430697C1E8ADC25003B5A80 = {
			isa = PBXGroup;
			children = (
				343069871E8ADC29003B5A80 /* MyLocations */,
				343069861E8ADC29003B5A80 /* Products */,
			);
			sourceTree = "<group>";
		};
		343069861E8ADC29003B5A80 /* Products */ = {
			isa = PBXGroup;
			children = (
				343069851E8ADC29003B5A80 /* MyLocations.app */,
			);
			name = Products;
			sourceTree = "<group>";
		};
		343069871E8ADC29003B5A80 /* MyLocations */ = {
			isa = PBXGroup;
			children = (
				343069881E8ADC29003B5A80 /* AppDelegate.swift */,
				3430698A1E8ADC29003B5A80 /* CurrentLocationViewController.swift */,
				3430698C1E8ADC29003B5A80 /* SecondViewController.swift */,
				3492D6061E9C1C8F00EB107D /* LocationDetailsViewController.swift */,
				3492D6081E9D682200EB107D /* CategoryPickerViewController.swift */,
				3492D60A1E9EB4C400EB107D /* HudView.swift */,
				3492D60C1E9EC22D00EB107D /* Functions.swift */,
				3430698E1E8ADC29003B5A80 /* Main.storyboard */,
				343069911E8ADC29003B5A80 /* Assets.xcassets */,
				343069931E8ADC29003B5A80 /* LaunchScreen.storyboard */,
				343069961E8ADC29003B5A80 /* Info.plist */,
			);
			path = MyLocations;
			sourceTree = "<group>";
		};
/* End PBXGroup section */

/* Begin PBXNativeTarget section */
		343069841E8ADC26003B5A80 /* MyLocations */ = {
			isa = PBXNativeTarget;
			buildConfigurationList = 343069991E8ADC29003B5A80 /* Build configuration list for PBXNativeTarget "MyLocations" */;
			buildPhases = (
				343069811E8ADC26003B5A80 /* Sources */,
				343069821E8ADC26003B5A80 /* Frameworks */,
				343069831E8ADC26003B5A80 /* Resources */,
				3430699C1E8ADD96003B5A80 /* ShellScript */,
			);
			buildRules = (
			);
			dependencies = (
			);
			name = MyLocations;
			productName = MyLocations;
			productReference = 343069851E8ADC29003B5A80 /* MyLocations.app */;
			productType = "com.apple.product-type.application";
		};
/* End PBXNativeTarget section */

/* Begin PBXProject section */
		3430697D1E8ADC25003B5A80 /* Project object */ = {
			isa = PBXProject;
			attributes = {
				LastSwiftUpdateCheck = 0820;
				LastUpgradeCheck = 0820;
				ORGANIZATIONNAME = "Dmitry Cherkasov";
				TargetAttributes = {
					343069841E8ADC26003B5A80 = {
						CreatedOnToolsVersion = 8.2.1;
						DevelopmentTeam = E54W6PQWX4;
						ProvisioningStyle = Automatic;
					};
				};
			};
			buildConfigurationList = 343069801E8ADC25003B5A80 /* Build configuration list for PBXProject "MyLocations" */;
			compatibilityVersion = "Xcode 3.2";
			developmentRegion = English;
			hasScannedForEncodings = 0;
			knownRegions = (
				en,
				Base,
			);
			mainGroup = 3430697C1E8ADC25003B5A80;
			productRefGroup = 343069861E8ADC29003B5A80 /* Products */;
			projectDirPath = "";
			projectRoot = "";
			targets = (
				343069841E8ADC26003B5A80 /* MyLocations */,
			);
		};
/* End PBXProject section */

/* Begin PBXResourcesBuildPhase section */
		343069831E8ADC26003B5A80 /* Resources */ = {
			isa = PBXResourcesBuildPhase;
			buildActionMask = 2147483647;
			files = (
				343069951E8ADC29003B5A80 /* LaunchScreen.storyboard in Resources */,
				343069921E8ADC29003B5A80 /* Assets.xcassets in Resources */,
				343069901E8ADC29003B5A80 /* Main.storyboard in Resources */,
			);
			runOnlyForDeploymentPostprocessing = 0;
		};
/* End PBXResourcesBuildPhase section */

/* Begin PBXShellScriptBuildPhase section */
		3430699C1E8ADD96003B5A80 /* ShellScript */ = {
			isa = PBXShellScriptBuildPhase;
			buildActionMask = 2147483647;
			files = (
			);
			inputPaths = (
			);
			outputPaths = (
			);
			runOnlyForDeploymentPostprocessing = 0;
			shellPath = /bin/sh;
			shellScript = "if which swiftlint >/dev/null; then\nswiftlint\nelse\necho \"error: SwiftLint does not exist, download it from https://github.com/realm/SwiftLint\"\nexit 1\nfi";
		};
/* End PBXShellScriptBuildPhase section */

/* Begin PBXSourcesBuildPhase section */
		343069811E8ADC26003B5A80 /* Sources */ = {
			isa = PBXSourcesBuildPhase;
			buildActionMask = 2147483647;
			files = (
				3492D6071E9C1C8F00EB107D /* LocationDetailsViewController.swift in Sources */,
				3430698D1E8ADC29003B5A80 /* SecondViewController.swift in Sources */,
				3492D60B1E9EB4C400EB107D /* HudView.swift in Sources */,
				3492D60D1E9EC22D00EB107D /* Functions.swift in Sources */,
				343069891E8ADC29003B5A80 /* AppDelegate.swift in Sources */,
				3492D6091E9D682200EB107D /* CategoryPickerViewController.swift in Sources */,
				3430698B1E8ADC29003B5A80 /* CurrentLocationViewController.swift in Sources */,
			);
			runOnlyForDeploymentPostprocessing = 0;
		};
/* End PBXSourcesBuildPhase section */

/* Begin PBXVariantGroup section */
		3430698E1E8ADC29003B5A80 /* Main.storyboard */ = {
			isa = PBXVariantGroup;
			children = (
				3430698F1E8ADC29003B5A80 /* Base */,
			);
			name = Main.storyboard;
			sourceTree = "<group>";
		};
		343069931E8ADC29003B5A80 /* LaunchScreen.storyboard */ = {
			isa = PBXVariantGroup;
			children = (
				343069941E8ADC29003B5A80 /* Base */,
			);
			name = LaunchScreen.storyboard;
			sourceTree = "<group>";
		};
/* End PBXVariantGroup section */

/* Begin XCBuildConfiguration section */
		343069971E8ADC29003B5A80 /* Debug */ = {
			isa = XCBuildConfiguration;
			buildSettings = {
				ALWAYS_SEARCH_USER_PATHS = NO;
				CLANG_ANALYZER_NONNULL = YES;
				CLANG_CXX_LANGUAGE_STANDARD = "gnu++0x";
				CLANG_CXX_LIBRARY = "libc++";
				CLANG_ENABLE_MODULES = YES;
				CLANG_ENABLE_OBJC_ARC = YES;
				CLANG_WARN_BOOL_CONVERSION = YES;
				CLANG_WARN_CONSTANT_CONVERSION = YES;
				CLANG_WARN_DIRECT_OBJC_ISA_USAGE = YES_ERROR;
				CLANG_WARN_DOCUMENTATION_COMMENTS = YES;
				CLANG_WARN_EMPTY_BODY = YES;
				CLANG_WARN_ENUM_CONVERSION = YES;
				CLANG_WARN_INFINITE_RECURSION = YES;
				CLANG_WARN_INT_CONVERSION = YES;
				CLANG_WARN_OBJC_ROOT_CLASS = YES_ERROR;
				CLANG_WARN_SUSPICIOUS_MOVE = YES;
				CLANG_WARN_UNREACHABLE_CODE = YES;
				CLANG_WARN__DUPLICATE_METHOD_MATCH = YES;
				"CODE_SIGN_IDENTITY[sdk=iphoneos*]" = "iPhone Developer";
				COPY_PHASE_STRIP = NO;
				DEBUG_INFORMATION_FORMAT = dwarf;
				ENABLE_STRICT_OBJC_MSGSEND = YES;
				ENABLE_TESTABILITY = YES;
				GCC_C_LANGUAGE_STANDARD = gnu99;
				GCC_DYNAMIC_NO_PIC = NO;
				GCC_NO_COMMON_BLOCKS = YES;
				GCC_OPTIMIZATION_LEVEL = 0;
				GCC_PREPROCESSOR_DEFINITIONS = (
					"DEBUG=1",
					"$(inherited)",
				);
				GCC_WARN_64_TO_32_BIT_CONVERSION = YES;
				GCC_WARN_ABOUT_RETURN_TYPE = YES_ERROR;
				GCC_WARN_UNDECLARED_SELECTOR = YES;
				GCC_WARN_UNINITIALIZED_AUTOS = YES_AGGRESSIVE;
				GCC_WARN_UNUSED_FUNCTION = YES;
				GCC_WARN_UNUSED_VARIABLE = YES;
				IPHONEOS_DEPLOYMENT_TARGET = 10.2;
				MTL_ENABLE_DEBUG_INFO = YES;
				ONLY_ACTIVE_ARCH = YES;
				SDKROOT = iphoneos;
				SWIFT_ACTIVE_COMPILATION_CONDITIONS = DEBUG;
				SWIFT_OPTIMIZATION_LEVEL = "-Onone";
			};
			name = Debug;
		};
		343069981E8ADC29003B5A80 /* Release */ = {
			isa = XCBuildConfiguration;
			buildSettings = {
				ALWAYS_SEARCH_USER_PATHS = NO;
				CLANG_ANALYZER_NONNULL = YES;
				CLANG_CXX_LANGUAGE_STANDARD = "gnu++0x";
				CLANG_CXX_LIBRARY = "libc++";
				CLANG_ENABLE_MODULES = YES;
				CLANG_ENABLE_OBJC_ARC = YES;
				CLANG_WARN_BOOL_CONVERSION = YES;
				CLANG_WARN_CONSTANT_CONVERSION = YES;
				CLANG_WARN_DIRECT_OBJC_ISA_USAGE = YES_ERROR;
				CLANG_WARN_DOCUMENTATION_COMMENTS = YES;
				CLANG_WARN_EMPTY_BODY = YES;
				CLANG_WARN_ENUM_CONVERSION = YES;
				CLANG_WARN_INFINITE_RECURSION = YES;
				CLANG_WARN_INT_CONVERSION = YES;
				CLANG_WARN_OBJC_ROOT_CLASS = YES_ERROR;
				CLANG_WARN_SUSPICIOUS_MOVE = YES;
				CLANG_WARN_UNREACHABLE_CODE = YES;
				CLANG_WARN__DUPLICATE_METHOD_MATCH = YES;
				"CODE_SIGN_IDENTITY[sdk=iphoneos*]" = "iPhone Developer";
				COPY_PHASE_STRIP = NO;
				DEBUG_INFORMATION_FORMAT = "dwarf-with-dsym";
				ENABLE_NS_ASSERTIONS = NO;
				ENABLE_STRICT_OBJC_MSGSEND = YES;
				GCC_C_LANGUAGE_STANDARD = gnu99;
				GCC_NO_COMMON_BLOCKS = YES;
				GCC_WARN_64_TO_32_BIT_CONVERSION = YES;
				GCC_WARN_ABOUT_RETURN_TYPE = YES_ERROR;
				GCC_WARN_UNDECLARED_SELECTOR = YES;
				GCC_WARN_UNINITIALIZED_AUTOS = YES_AGGRESSIVE;
				GCC_WARN_UNUSED_FUNCTION = YES;
				GCC_WARN_UNUSED_VARIABLE = YES;
				IPHONEOS_DEPLOYMENT_TARGET = 10.2;
				MTL_ENABLE_DEBUG_INFO = NO;
				SDKROOT = iphoneos;
				SWIFT_OPTIMIZATION_LEVEL = "-Owholemodule";
				VALIDATE_PRODUCT = YES;
			};
			name = Release;
		};
		3430699A1E8ADC29003B5A80 /* Debug */ = {
			isa = XCBuildConfiguration;
			buildSettings = {
				ASSETCATALOG_COMPILER_APPICON_NAME = AppIcon;
				DEVELOPMENT_TEAM = E54W6PQWX4;
				INFOPLIST_FILE = MyLocations/Info.plist;
				LD_RUNPATH_SEARCH_PATHS = "$(inherited) @executable_path/Frameworks";
				PRODUCT_BUNDLE_IDENTIFIER = com.govors.MyLocations;
				PRODUCT_NAME = "$(TARGET_NAME)";
				SWIFT_VERSION = 3.0;
			};
			name = Debug;
		};
		3430699B1E8ADC29003B5A80 /* Release */ = {
			isa = XCBuildConfiguration;
			buildSettings = {
				ASSETCATALOG_COMPILER_APPICON_NAME = AppIcon;
				DEVELOPMENT_TEAM = E54W6PQWX4;
				INFOPLIST_FILE = MyLocations/Info.plist;
				LD_RUNPATH_SEARCH_PATHS = "$(inherited) @executable_path/Frameworks";
				PRODUCT_BUNDLE_IDENTIFIER = com.govors.MyLocations;
				PRODUCT_NAME = "$(TARGET_NAME)";
				SWIFT_VERSION = 3.0;
			};
			name = Release;
		};
/* End XCBuildConfiguration section */

/* Begin XCConfigurationList section */
		343069801E8ADC25003B5A80 /* Build configuration list for PBXProject "MyLocations" */ = {
			isa = XCConfigurationList;
			buildConfigurations = (
				343069971E8ADC29003B5A80 /* Debug */,
				343069981E8ADC29003B5A80 /* Release */,
			);
			defaultConfigurationIsVisible = 0;
			defaultConfigurationName = Release;
		};
		343069991E8ADC29003B5A80 /* Build configuration list for PBXNativeTarget "MyLocations" */ = {
			isa = XCConfigurationList;
			buildConfigurations = (
				3430699A1E8ADC29003B5A80 /* Debug */,
				3430699B1E8ADC29003B5A80 /* Release */,
			);
			defaultConfigurationIsVisible = 0;
			defaultConfigurationName = Release;
		};
/* End XCConfigurationList section */
	};
	rootObject = 3430697D1E8ADC25003B5A80 /* Project object */;
}
